
Microsoft Visual Studio Solution File, Format Version 12.00
Project("{FAE04EC0-301F-11D3-BF4B-00C04F79EFBC}") = "LibraryTemp", "LibraryTemp\LibraryTemp.csproj", "{A3BABF5A-E4D0-4254-8BA9-69457B5DF1D4}"
EndProject
Project("{FAE04EC0-301F-11D3-BF4B-00C04F79EFBC}") = "LibraryTempTests", "LibraryTempTests\LibraryTempTests.csproj", "{F2B4AF15-7832-4C4A-9F86-D667BDB17D2D}"
EndProject
Global
	GlobalSection(SolutionConfigurationPlatforms) = preSolution
		Debug|Any CPU = Debug|Any CPU
		Release|Any CPU = Release|Any CPU
	EndGlobalSection
	GlobalSection(ProjectConfigurationPlatforms) = postSolution
		{A3BABF5A-E4D0-4254-8BA9-69457B5DF1D4}.Debug|Any CPU.ActiveCfg = Debug|Any CPU
		{A3BABF5A-E4D0-4254-8BA9-69457B5DF1D4}.Debug|Any CPU.Build.0 = Debug|Any CPU
		{A3BABF5A-E4D0-4254-8BA9-69457B5DF1D4}.Release|Any CPU.ActiveCfg = Release|Any CPU
		{A3BABF5A-E4D0-4254-8BA9-69457B5DF1D4}.Release|Any CPU.Build.0 = Release|Any CPU
		{F2B4AF15-7832-4C4A-9F86-D667BDB17D2D}.Debug|Any CPU.ActiveCfg = Debug|Any CPU
		{F2B4AF15-7832-4C4A-9F86-D667BDB17D2D}.Debug|Any CPU.Build.0 = Debug|Any CPU
		{F2B4AF15-7832-4C4A-9F86-D667BDB17D2D}.Release|Any CPU.ActiveCfg = Release|Any CPU
		{F2B4AF15-7832-4C4A-9F86-D667BDB17D2D}.Release|Any CPU.Build.0 = Release|Any CPU
	EndGlobalSection
EndGlobal
